
Microsoft Visual Studio Solution File, Format Version 12.00
# Visual Studio Version 17
VisualStudioVersion = 17.7.34003.232
MinimumVisualStudioVersion = 10.0.40219.1
Project("{9A19103F-16F7-4668-BE54-9A1E7A4F7556}") = "Market.Shared", "Market.Shared\Market.Shared.csproj", "{93951CEE-4748-4624-B550-68F27142BA6D}"
EndProject
Project("{9A19103F-16F7-4668-BE54-9A1E7A4F7556}") = "Market.API", "Market.API\Market.API.csproj", "{223C0A43-CD56-4E8E-8D85-900A15CBF0C4}"
EndProject
Project("{9A19103F-16F7-4668-BE54-9A1E7A4F7556}") = "Market.WEB", "Market.WEB\Market.WEB.csproj", "{0833258E-BF5A-45B7-A420-0067A93E21E6}"
EndProject
Global
	GlobalSection(SolutionConfigurationPlatforms) = preSolution
		Debug|Any CPU = Debug|Any CPU
		Release|Any CPU = Release|Any CPU
	EndGlobalSection
	GlobalSection(ProjectConfigurationPlatforms) = postSolution
		{93951CEE-4748-4624-B550-68F27142BA6D}.Debug|Any CPU.ActiveCfg = Debug|Any CPU
		{93951CEE-4748-4624-B550-68F27142BA6D}.Debug|Any CPU.Build.0 = Debug|Any CPU
		{93951CEE-4748-4624-B550-68F27142BA6D}.Release|Any CPU.ActiveCfg = Release|Any CPU
		{93951CEE-4748-4624-B550-68F27142BA6D}.Release|Any CPU.Build.0 = Release|Any CPU
		{223C0A43-CD56-4E8E-8D85-900A15CBF0C4}.Debug|Any CPU.ActiveCfg = Debug|Any CPU
		{223C0A43-CD56-4E8E-8D85-900A15CBF0C4}.Debug|Any CPU.Build.0 = Debug|Any CPU
		{223C0A43-CD56-4E8E-8D85-900A15CBF0C4}.Release|Any CPU.ActiveCfg = Release|Any CPU
		{223C0A43-CD56-4E8E-8D85-900A15CBF0C4}.Release|Any CPU.Build.0 = Release|Any CPU
		{0833258E-BF5A-45B7-A420-0067A93E21E6}.Debug|Any CPU.ActiveCfg = Debug|Any CPU
		{0833258E-BF5A-45B7-A420-0067A93E21E6}.Debug|Any CPU.Build.0 = Debug|Any CPU
		{0833258E-BF5A-45B7-A420-0067A93E21E6}.Release|Any CPU.ActiveCfg = Release|Any CPU
		{0833258E-BF5A-45B7-A420-0067A93E21E6}.Release|Any CPU.Build.0 = Release|Any CPU
	EndGlobalSection
	GlobalSection(SolutionProperties) = preSolution
		HideSolutionNode = FALSE
	EndGlobalSection
	GlobalSection(ExtensibilityGlobals) = postSolution
		SolutionGuid = {CCB88AAB-5732-4E7F-959A-2191CB425F6E}
	EndGlobalSection
EndGlobal
